
Microsoft Visual Studio Solution File, Format Version 12.00
# Visual Studio 2013
VisualStudioVersion = 12.0.31101.0
MinimumVisualStudioVersion = 10.0.40219.1
Project("{FAE04EC0-301F-11D3-BF4B-00C04F79EFBC}") = "SportsStore.Domain", "SportsStore.Domain\SportsStore.Domain.csproj", "{88332CE4-192B-44A6-ABEC-AF94256759D2}"
EndProject
Project("{FAE04EC0-301F-11D3-BF4B-00C04F79EFBC}") = "SportsStore.WebUI", "SportsStore.WebUI\SportsStore.WebUI.csproj", "{58936AB4-BD24-47DF-BB06-535C5E224DD8}"
EndProject
Project("{FAE04EC0-301F-11D3-BF4B-00C04F79EFBC}") = "SportsStore.UnitTests", "SportsStore.UnitTests\SportsStore.UnitTests.csproj", "{21DF8CD0-0A5F-427F-968C-A94BF051A027}"
EndProject
Global
	GlobalSection(SolutionConfigurationPlatforms) = preSolution
		Debug|Any CPU = Debug|Any CPU
		Release|Any CPU = Release|Any CPU
	EndGlobalSection
	GlobalSection(ProjectConfigurationPlatforms) = postSolution
		{88332CE4-192B-44A6-ABEC-AF94256759D2}.Debug|Any CPU.ActiveCfg = Debug|Any CPU
		{88332CE4-192B-44A6-ABEC-AF94256759D2}.Debug|Any CPU.Build.0 = Debug|Any CPU
		{88332CE4-192B-44A6-ABEC-AF94256759D2}.Release|Any CPU.ActiveCfg = Release|Any CPU
		{88332CE4-192B-44A6-ABEC-AF94256759D2}.Release|Any CPU.Build.0 = Release|Any CPU
		{58936AB4-BD24-47DF-BB06-535C5E224DD8}.Debug|Any CPU.ActiveCfg = Debug|Any CPU
		{58936AB4-BD24-47DF-BB06-535C5E224DD8}.Debug|Any CPU.Build.0 = Debug|Any CPU
		{58936AB4-BD24-47DF-BB06-535C5E224DD8}.Release|Any CPU.ActiveCfg = Release|Any CPU
		{58936AB4-BD24-47DF-BB06-535C5E224DD8}.Release|Any CPU.Build.0 = Release|Any CPU
		{21DF8CD0-0A5F-427F-968C-A94BF051A027}.Debug|Any CPU.ActiveCfg = Debug|Any CPU
		{21DF8CD0-0A5F-427F-968C-A94BF051A027}.Debug|Any CPU.Build.0 = Debug|Any CPU
		{21DF8CD0-0A5F-427F-968C-A94BF051A027}.Release|Any CPU.ActiveCfg = Release|Any CPU
		{21DF8CD0-0A5F-427F-968C-A94BF051A027}.Release|Any CPU.Build.0 = Release|Any CPU
	EndGlobalSection
	GlobalSection(SolutionProperties) = preSolution
		HideSolutionNode = FALSE
	EndGlobalSection
EndGlobal
